{
  "name": "marcusrognes",
  "version": "1.0.0",
  "lockfileVersion": 3,
  "requires": true,
  "packages": {
    "": {
      "name": "marcusrognes",
      "version": "1.0.0",
      "license": "CC-BY-NC",
      "devDependencies": {
        "@blog/theme": "file:../blog",
        "@glass/cli": "file:../glass/src/cli",
        "dotenv": "^16.4.1"
      }
    },
    "../blog": {
      "version": "1.0.0",
      "dev": true,
      "license": "ISC",
      "devDependencies": {
        "@glass/cli": "file:../glass/src/cli",
        "@glass/engine": "file:../glass/src/engine",
        "@types/markdown-it": "^13.0.7",
        "@types/react": "^18.2.48",
        "@types/react-dom": "^18.2.18",
        "npm-run-all": "^4.1.5",
        "react": "^18.2.0",
        "react-classed-components": "^1.0.1",
        "react-dom": "^18.2.0",
        "typescript": "^5.3.3"
      }
    },
    "../glass/src/cli": {
      "name": "@glass/cli",
      "version": "1.0.0",
      "dev": true,
      "license": "ISC",
      "bin": {
        "glass": "dist/index.js"
      },
      "devDependencies": {
        "@glass/engine": "file:../engine",
        "@types/node": "^20.11.10",
        "@types/serve-handler": "^6.1.4",
        "npm-run-all": "^4.1.5",
        "serve-handler": "^6.1.5",
        "ts-node": "^10.9.2",
        "ts-node-dev": "^2.0.0",
        "typescript": "^5.3.3",
        "zod": "^3.22.4"
      }
    },
    "node_modules/@blog/theme": {
      "resolved": "../blog",
      "link": true
    },
    "node_modules/@glass/cli": {
      "resolved": "../glass/src/cli",
      "link": true
    },
    "node_modules/dotenv": {
      "version": "16.4.1",
      "resolved": "https://registry.npmjs.org/dotenv/-/dotenv-16.4.1.tgz",
      "integrity": "sha512-CjA3y+Dr3FyFDOAMnxZEGtnW9KBR2M0JvvUtXNW+dYJL5ROWxP9DUHCwgFqpMk0OXCc0ljhaNTr2w/kutYIcHQ==",
      "dev": true,
      "engines": {
        "node": ">=12"
      },
      "funding": {
        "url": "https://github.com/motdotla/dotenv?sponsor=1"
      }
    }
  }
}
